// !$*UTF8*$!
{
	archiveVersion = 1;
	classes = {
	};
	objectVersion = 55;
	objects = {

/* Begin PBXBuildFile section */
		3D0A03552874B43E005111FF /* PhotoService.swift in Sources */ = {isa = PBXBuildFile; fileRef = 3D0A03542874B43E005111FF /* PhotoService.swift */; };
		3D0A03582874C00C005111FF /* UserProfileViewModel.swift in Sources */ = {isa = PBXBuildFile; fileRef = 3D0A03572874C00C005111FF /* UserProfileViewModel.swift */; };
		3D0A035A2874C014005111FF /* UserProfileView.swift in Sources */ = {isa = PBXBuildFile; fileRef = 3D0A03592874C014005111FF /* UserProfileView.swift */; };
		3D2533D6287ADEB100EC517D /* SearchView.swift in Sources */ = {isa = PBXBuildFile; fileRef = 3D2533D5287ADEB100EC517D /* SearchView.swift */; };
		3D2DFEAA287C018D00FF62B8 /* TopicPhotoService.swift in Sources */ = {isa = PBXBuildFile; fileRef = 3D2DFEA9287C018D00FF62B8 /* TopicPhotoService.swift */; };
		3D2DFEAC287C03D900FF62B8 /* UserPhotoService.swift in Sources */ = {isa = PBXBuildFile; fileRef = 3D2DFEAB287C03D900FF62B8 /* UserPhotoService.swift */; };
		3D2DFEAE287C056200FF62B8 /* Enums.swift in Sources */ = {isa = PBXBuildFile; fileRef = 3D2DFEAD287C056200FF62B8 /* Enums.swift */; };
		3D2DFEB0287C075300FF62B8 /* UserProfileImageService.swift in Sources */ = {isa = PBXBuildFile; fileRef = 3D2DFEAF287C075300FF62B8 /* UserProfileImageService.swift */; };
		3D2DFEB3287C09D000FF62B8 /* UserProfileImageViewModel.swift in Sources */ = {isa = PBXBuildFile; fileRef = 3D2DFEB2287C09D000FF62B8 /* UserProfileImageViewModel.swift */; };
		3D2DFEB5287C0B2B00FF62B8 /* UserProfileImageView.swift in Sources */ = {isa = PBXBuildFile; fileRef = 3D2DFEB4287C0B2B00FF62B8 /* UserProfileImageView.swift */; };
		3D2DFEB7287C112900FF62B8 /* SearchUser.swift in Sources */ = {isa = PBXBuildFile; fileRef = 3D2DFEB6287C112900FF62B8 /* SearchUser.swift */; };
		3D2DFEB9287C11D100FF62B8 /* SearchUserService.swift in Sources */ = {isa = PBXBuildFile; fileRef = 3D2DFEB8287C11D100FF62B8 /* SearchUserService.swift */; };
		3D4617A5286F268A006E0E4B /* ExhibitionApp.swift in Sources */ = {isa = PBXBuildFile; fileRef = 3D4617A4286F268A006E0E4B /* ExhibitionApp.swift */; };
		3D4617A9286F268A006E0E4B /* Assets.xcassets in Resources */ = {isa = PBXBuildFile; fileRef = 3D4617A8286F268A006E0E4B /* Assets.xcassets */; };
		3D4617AC286F268A006E0E4B /* Preview Assets.xcassets in Resources */ = {isa = PBXBuildFile; fileRef = 3D4617AB286F268A006E0E4B /* Preview Assets.xcassets */; };
		3D4617B3286F27DA006E0E4B /* HomeView.swift in Sources */ = {isa = PBXBuildFile; fileRef = 3D4617B2286F27DA006E0E4B /* HomeView.swift */; };
		3D4617B9286F2847006E0E4B /* Photo.swift in Sources */ = {isa = PBXBuildFile; fileRef = 3D4617B8286F2847006E0E4B /* Photo.swift */; };
		3D4617BB286F28B6006E0E4B /* NetworkingManager.swift in Sources */ = {isa = PBXBuildFile; fileRef = 3D4617BA286F28B6006E0E4B /* NetworkingManager.swift */; };
		3D4617BD286F2AAF006E0E4B /* ApiURLs.swift in Sources */ = {isa = PBXBuildFile; fileRef = 3D4617BC286F2AAF006E0E4B /* ApiURLs.swift */; };
		3D4617C4286F2CF4006E0E4B /* HomeViewModel.swift in Sources */ = {isa = PBXBuildFile; fileRef = 3D4617C3286F2CF4006E0E4B /* HomeViewModel.swift */; };
		3D4617C7286F2F47006E0E4B /* ImageService.swift in Sources */ = {isa = PBXBuildFile; fileRef = 3D4617C6286F2F47006E0E4B /* ImageService.swift */; };
		3D5152C4287D960B0047B4D8 /* EditProfileView.swift in Sources */ = {isa = PBXBuildFile; fileRef = 3D5152C3287D960B0047B4D8 /* EditProfileView.swift */; };
		3D5152CA287D9A860047B4D8 /* ProfileModel.swift in Sources */ = {isa = PBXBuildFile; fileRef = 3D5152C9287D9A860047B4D8 /* ProfileModel.swift */; };
		3D5152CC287DAE160047B4D8 /* ProfileStore.swift in Sources */ = {isa = PBXBuildFile; fileRef = 3D5152CB287DAE160047B4D8 /* ProfileStore.swift */; };
		3D5152CE287DDF8B0047B4D8 /* View.swift in Sources */ = {isa = PBXBuildFile; fileRef = 3D5152CD287DDF8B0047B4D8 /* View.swift */; };
		3D5152D3287DDFD60047B4D8 /* CustomStyles.swift in Sources */ = {isa = PBXBuildFile; fileRef = 3D5152D2287DDFD60047B4D8 /* CustomStyles.swift */; };
		3D6243EC287D55100066329F /* CategoryPhotosView.swift in Sources */ = {isa = PBXBuildFile; fileRef = 3D6243EB287D55100066329F /* CategoryPhotosView.swift */; };
		3D6243EE287D5C4B0066329F /* ProfileViewModel.swift in Sources */ = {isa = PBXBuildFile; fileRef = 3D6243ED287D5C4B0066329F /* ProfileViewModel.swift */; };
		3D6243F0287D651B0066329F /* ImageSaver.swift in Sources */ = {isa = PBXBuildFile; fileRef = 3D6243EF287D651B0066329F /* ImageSaver.swift */; };
		3D72D7332871F8E000EF3F6A /* TopicViewModel.swift in Sources */ = {isa = PBXBuildFile; fileRef = 3D72D7322871F8E000EF3F6A /* TopicViewModel.swift */; };
		3D72D7352871F9A400EF3F6A /* TopicView.swift in Sources */ = {isa = PBXBuildFile; fileRef = 3D72D7342871F9A400EF3F6A /* TopicView.swift */; };
		3DAD8611287AEA6D0009B258 /* UploadPhotoView.swift in Sources */ = {isa = PBXBuildFile; fileRef = 3DAD8610287AEA6D0009B258 /* UploadPhotoView.swift */; };
		3DAD8615287B4E270009B258 /* SearchViewModel.swift in Sources */ = {isa = PBXBuildFile; fileRef = 3DAD8614287B4E270009B258 /* SearchViewModel.swift */; };
		3DAD8617287B506A0009B258 /* SearchPhotoService.swift in Sources */ = {isa = PBXBuildFile; fileRef = 3DAD8616287B506A0009B258 /* SearchPhotoService.swift */; };
		3DAD8619287B535B0009B258 /* SearchPhoto.swift in Sources */ = {isa = PBXBuildFile; fileRef = 3DAD8618287B535B0009B258 /* SearchPhoto.swift */; };
		3DAD861C287B66FB0009B258 /* UsersRowView.swift in Sources */ = {isa = PBXBuildFile; fileRef = 3DAD861B287B66FB0009B258 /* UsersRowView.swift */; };
		3DB4738A2870351200448685 /* PreviewProvider.swift in Sources */ = {isa = PBXBuildFile; fileRef = 3DB473892870351200448685 /* PreviewProvider.swift */; };
		3DB4738F2870407500448685 /* Double.swift in Sources */ = {isa = PBXBuildFile; fileRef = 3DB4738E2870407500448685 /* Double.swift */; };
		3DB473912870483200448685 /* ProfileView.swift in Sources */ = {isa = PBXBuildFile; fileRef = 3DB473902870483200448685 /* ProfileView.swift */; };
		3DB473932870489000448685 /* AccountSettingsView.swift in Sources */ = {isa = PBXBuildFile; fileRef = 3DB473922870489000448685 /* AccountSettingsView.swift */; };
		3DB4739528704A4A00448685 /* PhotoAttributesView.swift in Sources */ = {isa = PBXBuildFile; fileRef = 3DB4739428704A4A00448685 /* PhotoAttributesView.swift */; };
		3DC1C14328798AFD00F4CE3A /* CacheManager.swift in Sources */ = {isa = PBXBuildFile; fileRef = 3DC1C14228798AFD00F4CE3A /* CacheManager.swift */; };
		3DC1C1452879A56A00F4CE3A /* TopicService.swift in Sources */ = {isa = PBXBuildFile; fileRef = 3DC1C1442879A56A00F4CE3A /* TopicService.swift */; };
		3DC1C1472879B83C00F4CE3A /* RandomPhotoService.swift in Sources */ = {isa = PBXBuildFile; fileRef = 3DC1C1462879B83C00F4CE3A /* RandomPhotoService.swift */; };
		3DD22EFD287EB35D00E58B9B /* UIImagePickerControllerRepresentable.swift in Sources */ = {isa = PBXBuildFile; fileRef = 3DD22EFC287EB35D00E58B9B /* UIImagePickerControllerRepresentable.swift */; };
		3DD89C422871A875002547B5 /* Topic.swift in Sources */ = {isa = PBXBuildFile; fileRef = 3DD89C412871A875002547B5 /* Topic.swift */; };
		3DE997DE2870BE0500703AA2 /* BlurHashDecode.swift in Sources */ = {isa = PBXBuildFile; fileRef = 3DE997DD2870BE0500703AA2 /* BlurHashDecode.swift */; };
		3DEA44DA287EE803006BD426 /* LikedPhotosStorage.swift in Sources */ = {isa = PBXBuildFile; fileRef = 3DEA44D9287EE803006BD426 /* LikedPhotosStorage.swift */; };
		3DEB056A2879D85F006B8C8C /* WebView.swift in Sources */ = {isa = PBXBuildFile; fileRef = 3DEB05692879D85F006B8C8C /* WebView.swift */; };
		3DF2CBFE2871FE5C00DFB06D /* PhotoImageViewModel.swift in Sources */ = {isa = PBXBuildFile; fileRef = 3DF2CBFD2871FE5C00DFB06D /* PhotoImageViewModel.swift */; };
		3DF2CC002871FE7900DFB06D /* PhotoImageView.swift in Sources */ = {isa = PBXBuildFile; fileRef = 3DF2CBFF2871FE7900DFB06D /* PhotoImageView.swift */; };
/* End PBXBuildFile section */

/* Begin PBXFileReference section */
		3D0A03542874B43E005111FF /* PhotoService.swift */ = {isa = PBXFileReference; lastKnownFileType = sourcecode.swift; path = PhotoService.swift; sourceTree = "<group>"; };
		3D0A03572874C00C005111FF /* UserProfileViewModel.swift */ = {isa = PBXFileReference; lastKnownFileType = sourcecode.swift; path = UserProfileViewModel.swift; sourceTree = "<group>"; };
		3D0A03592874C014005111FF /* UserProfileView.swift */ = {isa = PBXFileReference; lastKnownFileType = sourcecode.swift; path = UserProfileView.swift; sourceTree = "<group>"; };
		3D2533D5287ADEB100EC517D /* SearchView.swift */ = {isa = PBXFileReference; lastKnownFileType = sourcecode.swift; path = SearchView.swift; sourceTree = "<group>"; };
		3D2DFEA9287C018D00FF62B8 /* TopicPhotoService.swift */ = {isa = PBXFileReference; lastKnownFileType = sourcecode.swift; path = TopicPhotoService.swift; sourceTree = "<group>"; };
		3D2DFEAB287C03D900FF62B8 /* UserPhotoService.swift */ = {isa = PBXFileReference; lastKnownFileType = sourcecode.swift; path = UserPhotoService.swift; sourceTree = "<group>"; };
		3D2DFEAD287C056200FF62B8 /* Enums.swift */ = {isa = PBXFileReference; lastKnownFileType = sourcecode.swift; path = Enums.swift; sourceTree = "<group>"; };
		3D2DFEAF287C075300FF62B8 /* UserProfileImageService.swift */ = {isa = PBXFileReference; lastKnownFileType = sourcecode.swift; path = UserProfileImageService.swift; sourceTree = "<group>"; };
		3D2DFEB2287C09D000FF62B8 /* UserProfileImageViewModel.swift */ = {isa = PBXFileReference; lastKnownFileType = sourcecode.swift; path = UserProfileImageViewModel.swift; sourceTree = "<group>"; };
		3D2DFEB4287C0B2B00FF62B8 /* UserProfileImageView.swift */ = {isa = PBXFileReference; lastKnownFileType = sourcecode.swift; path = UserProfileImageView.swift; sourceTree = "<group>"; };
		3D2DFEB6287C112900FF62B8 /* SearchUser.swift */ = {isa = PBXFileReference; lastKnownFileType = sourcecode.swift; path = SearchUser.swift; sourceTree = "<group>"; };
		3D2DFEB8287C11D100FF62B8 /* SearchUserService.swift */ = {isa = PBXFileReference; lastKnownFileType = sourcecode.swift; path = SearchUserService.swift; sourceTree = "<group>"; };
		3D4617A1286F268A006E0E4B /* Exhibition.app */ = {isa = PBXFileReference; explicitFileType = wrapper.application; includeInIndex = 0; path = Exhibition.app; sourceTree = BUILT_PRODUCTS_DIR; };
		3D4617A4286F268A006E0E4B /* ExhibitionApp.swift */ = {isa = PBXFileReference; lastKnownFileType = sourcecode.swift; path = ExhibitionApp.swift; sourceTree = "<group>"; };
		3D4617A8286F268A006E0E4B /* Assets.xcassets */ = {isa = PBXFileReference; lastKnownFileType = folder.assetcatalog; path = Assets.xcassets; sourceTree = "<group>"; };
		3D4617AB286F268A006E0E4B /* Preview Assets.xcassets */ = {isa = PBXFileReference; lastKnownFileType = folder.assetcatalog; path = "Preview Assets.xcassets"; sourceTree = "<group>"; };
		3D4617B2286F27DA006E0E4B /* HomeView.swift */ = {isa = PBXFileReference; lastKnownFileType = sourcecode.swift; path = HomeView.swift; sourceTree = "<group>"; };
		3D4617B8286F2847006E0E4B /* Photo.swift */ = {isa = PBXFileReference; lastKnownFileType = sourcecode.swift; path = Photo.swift; sourceTree = "<group>"; };
		3D4617BA286F28B6006E0E4B /* NetworkingManager.swift */ = {isa = PBXFileReference; lastKnownFileType = sourcecode.swift; path = NetworkingManager.swift; sourceTree = "<group>"; };
		3D4617BC286F2AAF006E0E4B /* ApiURLs.swift */ = {isa = PBXFileReference; lastKnownFileType = sourcecode.swift; path = ApiURLs.swift; sourceTree = "<group>"; };
		3D4617C3286F2CF4006E0E4B /* HomeViewModel.swift */ = {isa = PBXFileReference; lastKnownFileType = sourcecode.swift; path = HomeViewModel.swift; sourceTree = "<group>"; };
		3D4617C6286F2F47006E0E4B /* ImageService.swift */ = {isa = PBXFileReference; lastKnownFileType = sourcecode.swift; path = ImageService.swift; sourceTree = "<group>"; };
		3D5152C3287D960B0047B4D8 /* EditProfileView.swift */ = {isa = PBXFileReference; lastKnownFileType = sourcecode.swift; path = EditProfileView.swift; sourceTree = "<group>"; };
		3D5152C9287D9A860047B4D8 /* ProfileModel.swift */ = {isa = PBXFileReference; lastKnownFileType = sourcecode.swift; path = ProfileModel.swift; sourceTree = "<group>"; };
		3D5152CB287DAE160047B4D8 /* ProfileStore.swift */ = {isa = PBXFileReference; lastKnownFileType = sourcecode.swift; path = ProfileStore.swift; sourceTree = "<group>"; };
		3D5152CD287DDF8B0047B4D8 /* View.swift */ = {isa = PBXFileReference; lastKnownFileType = sourcecode.swift; path = View.swift; sourceTree = "<group>"; };
		3D5152D2287DDFD60047B4D8 /* CustomStyles.swift */ = {isa = PBXFileReference; lastKnownFileType = sourcecode.swift; path = CustomStyles.swift; sourceTree = "<group>"; };
		3D6243EB287D55100066329F /* CategoryPhotosView.swift */ = {isa = PBXFileReference; lastKnownFileType = sourcecode.swift; path = CategoryPhotosView.swift; sourceTree = "<group>"; };
		3D6243ED287D5C4B0066329F /* ProfileViewModel.swift */ = {isa = PBXFileReference; lastKnownFileType = sourcecode.swift; path = ProfileViewModel.swift; sourceTree = "<group>"; };
		3D6243EF287D651B0066329F /* ImageSaver.swift */ = {isa = PBXFileReference; lastKnownFileType = sourcecode.swift; path = ImageSaver.swift; sourceTree = "<group>"; };
		3D72D7322871F8E000EF3F6A /* TopicViewModel.swift */ = {isa = PBXFileReference; lastKnownFileType = sourcecode.swift; path = TopicViewModel.swift; sourceTree = "<group>"; };
		3D72D7342871F9A400EF3F6A /* TopicView.swift */ = {isa = PBXFileReference; lastKnownFileType = sourcecode.swift; path = TopicView.swift; sourceTree = "<group>"; };
		3DAD8610287AEA6D0009B258 /* UploadPhotoView.swift */ = {isa = PBXFileReference; lastKnownFileType = sourcecode.swift; path = UploadPhotoView.swift; sourceTree = "<group>"; };
		3DAD8614287B4E270009B258 /* SearchViewModel.swift */ = {isa = PBXFileReference; lastKnownFileType = sourcecode.swift; path = SearchViewModel.swift; sourceTree = "<group>"; };
		3DAD8616287B506A0009B258 /* SearchPhotoService.swift */ = {isa = PBXFileReference; lastKnownFileType = sourcecode.swift; path = SearchPhotoService.swift; sourceTree = "<group>"; };
		3DAD8618287B535B0009B258 /* SearchPhoto.swift */ = {isa = PBXFileReference; lastKnownFileType = sourcecode.swift; path = SearchPhoto.swift; sourceTree = "<group>"; };
		3DAD861B287B66FB0009B258 /* UsersRowView.swift */ = {isa = PBXFileReference; lastKnownFileType = sourcecode.swift; path = UsersRowView.swift; sourceTree = "<group>"; };
		3DB473892870351200448685 /* PreviewProvider.swift */ = {isa = PBXFileReference; lastKnownFileType = sourcecode.swift; path = PreviewProvider.swift; sourceTree = "<group>"; };
		3DB4738E2870407500448685 /* Double.swift */ = {isa = PBXFileReference; lastKnownFileType = sourcecode.swift; path = Double.swift; sourceTree = "<group>"; };
		3DB473902870483200448685 /* ProfileView.swift */ = {isa = PBXFileReference; lastKnownFileType = sourcecode.swift; path = ProfileView.swift; sourceTree = "<group>"; };
		3DB473922870489000448685 /* AccountSettingsView.swift */ = {isa = PBXFileReference; lastKnownFileType = sourcecode.swift; path = AccountSettingsView.swift; sourceTree = "<group>"; };
		3DB4739428704A4A00448685 /* PhotoAttributesView.swift */ = {isa = PBXFileReference; lastKnownFileType = sourcecode.swift; path = PhotoAttributesView.swift; sourceTree = "<group>"; };
		3DC1C14228798AFD00F4CE3A /* CacheManager.swift */ = {isa = PBXFileReference; lastKnownFileType = sourcecode.swift; path = CacheManager.swift; sourceTree = "<group>"; };
		3DC1C1442879A56A00F4CE3A /* TopicService.swift */ = {isa = PBXFileReference; lastKnownFileType = sourcecode.swift; path = TopicService.swift; sourceTree = "<group>"; };
		3DC1C1462879B83C00F4CE3A /* RandomPhotoService.swift */ = {isa = PBXFileReference; lastKnownFileType = sourcecode.swift; path = RandomPhotoService.swift; sourceTree = "<group>"; };
		3DD22EFC287EB35D00E58B9B /* UIImagePickerControllerRepresentable.swift */ = {isa = PBXFileReference; lastKnownFileType = sourcecode.swift; path = UIImagePickerControllerRepresentable.swift; sourceTree = "<group>"; };
		3DD89C412871A875002547B5 /* Topic.swift */ = {isa = PBXFileReference; lastKnownFileType = sourcecode.swift; path = Topic.swift; sourceTree = "<group>"; };
		3DE997DD2870BE0500703AA2 /* BlurHashDecode.swift */ = {isa = PBXFileReference; fileEncoding = 4; lastKnownFileType = sourcecode.swift; path = BlurHashDecode.swift; sourceTree = "<group>"; };
		3DEA44D9287EE803006BD426 /* LikedPhotosStorage.swift */ = {isa = PBXFileReference; lastKnownFileType = sourcecode.swift; path = LikedPhotosStorage.swift; sourceTree = "<group>"; };
		3DEB05692879D85F006B8C8C /* WebView.swift */ = {isa = PBXFileReference; lastKnownFileType = sourcecode.swift; path = WebView.swift; sourceTree = "<group>"; };
		3DF2CBFD2871FE5C00DFB06D /* PhotoImageViewModel.swift */ = {isa = PBXFileReference; lastKnownFileType = sourcecode.swift; path = PhotoImageViewModel.swift; sourceTree = "<group>"; };
		3DF2CBFF2871FE7900DFB06D /* PhotoImageView.swift */ = {isa = PBXFileReference; lastKnownFileType = sourcecode.swift; path = PhotoImageView.swift; sourceTree = "<group>"; };
/* End PBXFileReference section */

/* Begin PBXFrameworksBuildPhase section */
		3D46179E286F268A006E0E4B /* Frameworks */ = {
			isa = PBXFrameworksBuildPhase;
			buildActionMask = 2147483647;
			files = (
			);
			runOnlyForDeploymentPostprocessing = 0;
		};
/* End PBXFrameworksBuildPhase section */

/* Begin PBXGroup section */
		3D0A03562874C002005111FF /* UserProfile */ = {
			isa = PBXGroup;
			children = (
				3D0A03572874C00C005111FF /* UserProfileViewModel.swift */,
				3D0A03592874C014005111FF /* UserProfileView.swift */,
			);
			path = UserProfile;
			sourceTree = "<group>";
		};
		3D2533D4287ADE9F00EC517D /* Search */ = {
			isa = PBXGroup;
			children = (
				3DAD8614287B4E270009B258 /* SearchViewModel.swift */,
				3D2533D5287ADEB100EC517D /* SearchView.swift */,
				3D6243EB287D55100066329F /* CategoryPhotosView.swift */,
			);
			path = Search;
			sourceTree = "<group>";
		};
		3D2DFEB1287C09B000FF62B8 /* UserProfileImage */ = {
			isa = PBXGroup;
			children = (
				3D2DFEB2287C09D000FF62B8 /* UserProfileImageViewModel.swift */,
				3D2DFEB4287C0B2B00FF62B8 /* UserProfileImageView.swift */,
			);
			path = UserProfileImage;
			sourceTree = "<group>";
		};
		3D461798286F2689006E0E4B = {
			isa = PBXGroup;
			children = (
				3D4617A3286F268A006E0E4B /* Exhibition */,
				3D4617A2286F268A006E0E4B /* Products */,
			);
			sourceTree = "<group>";
		};
		3D4617A2286F268A006E0E4B /* Products */ = {
			isa = PBXGroup;
			children = (
				3D4617A1286F268A006E0E4B /* Exhibition.app */,
			);
			name = Products;
			sourceTree = "<group>";
		};
		3D4617A3286F268A006E0E4B /* Exhibition */ = {
			isa = PBXGroup;
			children = (
				3D4617A4286F268A006E0E4B /* ExhibitionApp.swift */,
				3D4617B4286F27E6006E0E4B /* Utilities */,
				3D4617B5286F27EE006E0E4B /* Services */,
				3D4617B6286F2801006E0E4B /* Models */,
				3DB473882870350A00448685 /* Extensions */,
				3D5152CF287DDFB10047B4D8 /* CustomStyles */,
				3D4617B7286F2808006E0E4B /* Core */,
				3D4617A8286F268A006E0E4B /* Assets.xcassets */,
				3D4617AA286F268A006E0E4B /* Preview Content */,
			);
			path = Exhibition;
			sourceTree = "<group>";
		};
		3D4617AA286F268A006E0E4B /* Preview Content */ = {
			isa = PBXGroup;
			children = (
				3D4617AB286F268A006E0E4B /* Preview Assets.xcassets */,
			);
			path = "Preview Content";
			sourceTree = "<group>";
		};
		3D4617B4286F27E6006E0E4B /* Utilities */ = {
			isa = PBXGroup;
			children = (
				3D4617BA286F28B6006E0E4B /* NetworkingManager.swift */,
				3DE997DD2870BE0500703AA2 /* BlurHashDecode.swift */,
				3D4617BC286F2AAF006E0E4B /* ApiURLs.swift */,
				3DC1C14228798AFD00F4CE3A /* CacheManager.swift */,
				3DEB05692879D85F006B8C8C /* WebView.swift */,
				3D2DFEAD287C056200FF62B8 /* Enums.swift */,
				3D6243EF287D651B0066329F /* ImageSaver.swift */,
				3D5152CB287DAE160047B4D8 /* ProfileStore.swift */,
				3DD22EFC287EB35D00E58B9B /* UIImagePickerControllerRepresentable.swift */,
				3DEA44D9287EE803006BD426 /* LikedPhotosStorage.swift */,
			);
			path = Utilities;
			sourceTree = "<group>";
		};
		3D4617B5286F27EE006E0E4B /* Services */ = {
			isa = PBXGroup;
			children = (
				3D0A03542874B43E005111FF /* PhotoService.swift */,
				3D2DFEAB287C03D900FF62B8 /* UserPhotoService.swift */,
				3D2DFEA9287C018D00FF62B8 /* TopicPhotoService.swift */,
				3DC1C1462879B83C00F4CE3A /* RandomPhotoService.swift */,
				3D4617C6286F2F47006E0E4B /* ImageService.swift */,
				3D2DFEAF287C075300FF62B8 /* UserProfileImageService.swift */,
				3DC1C1442879A56A00F4CE3A /* TopicService.swift */,
				3DAD8616287B506A0009B258 /* SearchPhotoService.swift */,
				3D2DFEB8287C11D100FF62B8 /* SearchUserService.swift */,
			);
			path = Services;
			sourceTree = "<group>";
		};
		3D4617B6286F2801006E0E4B /* Models */ = {
			isa = PBXGroup;
			children = (
				3D5152C9287D9A860047B4D8 /* ProfileModel.swift */,
				3D4617B8286F2847006E0E4B /* Photo.swift */,
				3DD89C412871A875002547B5 /* Topic.swift */,
				3DAD8618287B535B0009B258 /* SearchPhoto.swift */,
				3D2DFEB6287C112900FF62B8 /* SearchUser.swift */,
			);
			path = Models;
			sourceTree = "<group>";
		};
		3D4617B7286F2808006E0E4B /* Core */ = {
			isa = PBXGroup;
			children = (
				3DB4738B287039DE00448685 /* Components */,
				3D4617C2286F2CEA006E0E4B /* Home */,
				3D2533D4287ADE9F00EC517D /* Search */,
				3DAD860F287AEA580009B258 /* UploadPhoto */,
				3DB4738D287039F500448685 /* Profile */,
			);
			path = Core;
			sourceTree = "<group>";
		};
		3D4617C2286F2CEA006E0E4B /* Home */ = {
			isa = PBXGroup;
			children = (
				3D4617C3286F2CF4006E0E4B /* HomeViewModel.swift */,
				3D4617B2286F27DA006E0E4B /* HomeView.swift */,
			);
			path = Home;
			sourceTree = "<group>";
		};
		3D5152CF287DDFB10047B4D8 /* CustomStyles */ = {
			isa = PBXGroup;
			children = (
				3D5152D2287DDFD60047B4D8 /* CustomStyles.swift */,
			);
			path = CustomStyles;
			sourceTree = "<group>";
		};
		3D72D7312871F8C700EF3F6A /* Topic */ = {
			isa = PBXGroup;
			children = (
				3D72D7322871F8E000EF3F6A /* TopicViewModel.swift */,
				3D72D7342871F9A400EF3F6A /* TopicView.swift */,
			);
			path = Topic;
			sourceTree = "<group>";
		};
		3DAD860F287AEA580009B258 /* UploadPhoto */ = {
			isa = PBXGroup;
			children = (
				3DAD8610287AEA6D0009B258 /* UploadPhotoView.swift */,
			);
			path = UploadPhoto;
			sourceTree = "<group>";
		};
		3DAD861A287B66EC0009B258 /* UsersRow */ = {
			isa = PBXGroup;
			children = (
				3DAD861B287B66FB0009B258 /* UsersRowView.swift */,
			);
			path = UsersRow;
			sourceTree = "<group>";
		};
		3DB473882870350A00448685 /* Extensions */ = {
			isa = PBXGroup;
			children = (
				3DB473892870351200448685 /* PreviewProvider.swift */,
				3DB4738E2870407500448685 /* Double.swift */,
				3D5152CD287DDF8B0047B4D8 /* View.swift */,
			);
			path = Extensions;
			sourceTree = "<group>";
		};
		3DB4738B287039DE00448685 /* Components */ = {
			isa = PBXGroup;
			children = (
				3DB4739428704A4A00448685 /* PhotoAttributesView.swift */,
				3DAD861A287B66EC0009B258 /* UsersRow */,
				3D0A03562874C002005111FF /* UserProfile */,
				3D2DFEB1287C09B000FF62B8 /* UserProfileImage */,
				3DF2CBFC2871FE4F00DFB06D /* Image */,
				3D72D7312871F8C700EF3F6A /* Topic */,
			);
			path = Components;
			sourceTree = "<group>";
		};
		3DB4738D287039F500448685 /* Profile */ = {
			isa = PBXGroup;
			children = (
				3D6243ED287D5C4B0066329F /* ProfileViewModel.swift */,
				3DB473902870483200448685 /* ProfileView.swift */,
				3DB473922870489000448685 /* AccountSettingsView.swift */,
				3D5152C3287D960B0047B4D8 /* EditProfileView.swift */,
			);
			path = Profile;
			sourceTree = "<group>";
		};
		3DF2CBFC2871FE4F00DFB06D /* Image */ = {
			isa = PBXGroup;
			children = (
				3DF2CBFD2871FE5C00DFB06D /* PhotoImageViewModel.swift */,
				3DF2CBFF2871FE7900DFB06D /* PhotoImageView.swift */,
			);
			path = Image;
			sourceTree = "<group>";
		};
/* End PBXGroup section */

/* Begin PBXNativeTarget section */
		3D4617A0286F268A006E0E4B /* Exhibition */ = {
			isa = PBXNativeTarget;
			buildConfigurationList = 3D4617AF286F268A006E0E4B /* Build configuration list for PBXNativeTarget "Exhibition" */;
			buildPhases = (
				3D46179D286F268A006E0E4B /* Sources */,
				3D46179E286F268A006E0E4B /* Frameworks */,
				3D46179F286F268A006E0E4B /* Resources */,
			);
			buildRules = (
			);
			dependencies = (
			);
			name = Exhibition;
			productName = "Photo Gallery";
			productReference = 3D4617A1286F268A006E0E4B /* Exhibition.app */;
			productType = "com.apple.product-type.application";
		};
/* End PBXNativeTarget section */

/* Begin PBXProject section */
		3D461799286F2689006E0E4B /* Project object */ = {
			isa = PBXProject;
			attributes = {
				BuildIndependentTargetsInParallel = 1;
				LastSwiftUpdateCheck = 1330;
				LastUpgradeCheck = 1330;
				TargetAttributes = {
					3D4617A0286F268A006E0E4B = {
						CreatedOnToolsVersion = 13.3.1;
					};
				};
			};
			buildConfigurationList = 3D46179C286F2689006E0E4B /* Build configuration list for PBXProject "Exhibition" */;
			compatibilityVersion = "Xcode 13.0";
			developmentRegion = en;
			hasScannedForEncodings = 0;
			knownRegions = (
				en,
				Base,
			);
			mainGroup = 3D461798286F2689006E0E4B;
			productRefGroup = 3D4617A2286F268A006E0E4B /* Products */;
			projectDirPath = "";
			projectRoot = "";
			targets = (
				3D4617A0286F268A006E0E4B /* Exhibition */,
			);
		};
/* End PBXProject section */

/* Begin PBXResourcesBuildPhase section */
		3D46179F286F268A006E0E4B /* Resources */ = {
			isa = PBXResourcesBuildPhase;
			buildActionMask = 2147483647;
			files = (
				3D4617AC286F268A006E0E4B /* Preview Assets.xcassets in Resources */,
				3D4617A9286F268A006E0E4B /* Assets.xcassets in Resources */,
			);
			runOnlyForDeploymentPostprocessing = 0;
		};
/* End PBXResourcesBuildPhase section */

/* Begin PBXSourcesBuildPhase section */
		3D46179D286F268A006E0E4B /* Sources */ = {
			isa = PBXSourcesBuildPhase;
			buildActionMask = 2147483647;
			files = (
				3D4617C7286F2F47006E0E4B /* ImageService.swift in Sources */,
				3DC1C1452879A56A00F4CE3A /* TopicService.swift in Sources */,
				3DAD861C287B66FB0009B258 /* UsersRowView.swift in Sources */,
				3D5152CA287D9A860047B4D8 /* ProfileModel.swift in Sources */,
				3D4617B9286F2847006E0E4B /* Photo.swift in Sources */,
				3D2DFEB7287C112900FF62B8 /* SearchUser.swift in Sources */,
				3D4617BD286F2AAF006E0E4B /* ApiURLs.swift in Sources */,
				3DEA44DA287EE803006BD426 /* LikedPhotosStorage.swift in Sources */,
				3DC1C1472879B83C00F4CE3A /* RandomPhotoService.swift in Sources */,
				3DAD8615287B4E270009B258 /* SearchViewModel.swift in Sources */,
				3DC1C14328798AFD00F4CE3A /* CacheManager.swift in Sources */,
				3D4617C4286F2CF4006E0E4B /* HomeViewModel.swift in Sources */,
				3DD22EFD287EB35D00E58B9B /* UIImagePickerControllerRepresentable.swift in Sources */,
				3D2DFEAA287C018D00FF62B8 /* TopicPhotoService.swift in Sources */,
				3D0A03582874C00C005111FF /* UserProfileViewModel.swift in Sources */,
				3DB4738F2870407500448685 /* Double.swift in Sources */,
				3D2DFEB9287C11D100FF62B8 /* SearchUserService.swift in Sources */,
				3DB473912870483200448685 /* ProfileView.swift in Sources */,
				3DAD8619287B535B0009B258 /* SearchPhoto.swift in Sources */,
				3DF2CBFE2871FE5C00DFB06D /* PhotoImageViewModel.swift in Sources */,
				3D4617BB286F28B6006E0E4B /* NetworkingManager.swift in Sources */,
				3DE997DE2870BE0500703AA2 /* BlurHashDecode.swift in Sources */,
				3DD89C422871A875002547B5 /* Topic.swift in Sources */,
				3D72D7332871F8E000EF3F6A /* TopicViewModel.swift in Sources */,
				3D72D7352871F9A400EF3F6A /* TopicView.swift in Sources */,
				3D5152C4287D960B0047B4D8 /* EditProfileView.swift in Sources */,
				3DAD8611287AEA6D0009B258 /* UploadPhotoView.swift in Sources */,
				3D6243EE287D5C4B0066329F /* ProfileViewModel.swift in Sources */,
				3D2DFEB5287C0B2B00FF62B8 /* UserProfileImageView.swift in Sources */,
				3D0A035A2874C014005111FF /* UserProfileView.swift in Sources */,
				3DAD8617287B506A0009B258 /* SearchPhotoService.swift in Sources */,
				3DF2CC002871FE7900DFB06D /* PhotoImageView.swift in Sources */,
				3D4617A5286F268A006E0E4B /* ExhibitionApp.swift in Sources */,
				3D2DFEAC287C03D900FF62B8 /* UserPhotoService.swift in Sources */,
				3D5152CE287DDF8B0047B4D8 /* View.swift in Sources */,
				3D4617B3286F27DA006E0E4B /* HomeView.swift in Sources */,
				3D6243F0287D651B0066329F /* ImageSaver.swift in Sources */,
				3D2DFEB3287C09D000FF62B8 /* UserProfileImageViewModel.swift in Sources */,
				3D2DFEB0287C075300FF62B8 /* UserProfileImageService.swift in Sources */,
				3DB4739528704A4A00448685 /* PhotoAttributesView.swift in Sources */,
				3D6243EC287D55100066329F /* CategoryPhotosView.swift in Sources */,
				3D0A03552874B43E005111FF /* PhotoService.swift in Sources */,
				3D2533D6287ADEB100EC517D /* SearchView.swift in Sources */,
				3DEB056A2879D85F006B8C8C /* WebView.swift in Sources */,
				3D5152D3287DDFD60047B4D8 /* CustomStyles.swift in Sources */,
				3D5152CC287DAE160047B4D8 /* ProfileStore.swift in Sources */,
				3DB473932870489000448685 /* AccountSettingsView.swift in Sources */,
				3D2DFEAE287C056200FF62B8 /* Enums.swift in Sources */,
				3DB4738A2870351200448685 /* PreviewProvider.swift in Sources */,
			);
			runOnlyForDeploymentPostprocessing = 0;
		};
/* End PBXSourcesBuildPhase section */

/* Begin XCBuildConfiguration section */
		3D4617AD286F268A006E0E4B /* Debug */ = {
			isa = XCBuildConfiguration;
			buildSettings = {
				ALWAYS_SEARCH_USER_PATHS = NO;
				CLANG_ANALYZER_NONNULL = YES;
				CLANG_ANALYZER_NUMBER_OBJECT_CONVERSION = YES_AGGRESSIVE;
				CLANG_CXX_LANGUAGE_STANDARD = "gnu++17";
				CLANG_ENABLE_MODULES = YES;
				CLANG_ENABLE_OBJC_ARC = YES;
				CLANG_ENABLE_OBJC_WEAK = YES;
				CLANG_WARN_BLOCK_CAPTURE_AUTORELEASING = YES;
				CLANG_WARN_BOOL_CONVERSION = YES;
				CLANG_WARN_COMMA = YES;
				CLANG_WARN_CONSTANT_CONVERSION = YES;
				CLANG_WARN_DEPRECATED_OBJC_IMPLEMENTATIONS = YES;
				CLANG_WARN_DIRECT_OBJC_ISA_USAGE = YES_ERROR;
				CLANG_WARN_DOCUMENTATION_COMMENTS = YES;
				CLANG_WARN_EMPTY_BODY = YES;
				CLANG_WARN_ENUM_CONVERSION = YES;
				CLANG_WARN_INFINITE_RECURSION = YES;
				CLANG_WARN_INT_CONVERSION = YES;
				CLANG_WARN_NON_LITERAL_NULL_CONVERSION = YES;
				CLANG_WARN_OBJC_IMPLICIT_RETAIN_SELF = YES;
				CLANG_WARN_OBJC_LITERAL_CONVERSION = YES;
				CLANG_WARN_OBJC_ROOT_CLASS = YES_ERROR;
				CLANG_WARN_QUOTED_INCLUDE_IN_FRAMEWORK_HEADER = YES;
				CLANG_WARN_RANGE_LOOP_ANALYSIS = YES;
				CLANG_WARN_STRICT_PROTOTYPES = YES;
				CLANG_WARN_SUSPICIOUS_MOVE = YES;
				CLANG_WARN_UNGUARDED_AVAILABILITY = YES_AGGRESSIVE;
				CLANG_WARN_UNREACHABLE_CODE = YES;
				CLANG_WARN__DUPLICATE_METHOD_MATCH = YES;
				COPY_PHASE_STRIP = NO;
				DEBUG_INFORMATION_FORMAT = dwarf;
				ENABLE_STRICT_OBJC_MSGSEND = YES;
				ENABLE_TESTABILITY = YES;
				GCC_C_LANGUAGE_STANDARD = gnu11;
				GCC_DYNAMIC_NO_PIC = NO;
				GCC_NO_COMMON_BLOCKS = YES;
				GCC_OPTIMIZATION_LEVEL = 0;
				GCC_PREPROCESSOR_DEFINITIONS = (
					"DEBUG=1",
					"$(inherited)",
				);
				GCC_WARN_64_TO_32_BIT_CONVERSION = YES;
				GCC_WARN_ABOUT_RETURN_TYPE = YES_ERROR;
				GCC_WARN_UNDECLARED_SELECTOR = YES;
				GCC_WARN_UNINITIALIZED_AUTOS = YES_AGGRESSIVE;
				GCC_WARN_UNUSED_FUNCTION = YES;
				GCC_WARN_UNUSED_VARIABLE = YES;
				IPHONEOS_DEPLOYMENT_TARGET = 15.4;
				MTL_ENABLE_DEBUG_INFO = INCLUDE_SOURCE;
				MTL_FAST_MATH = YES;
				ONLY_ACTIVE_ARCH = YES;
				SDKROOT = iphoneos;
				SWIFT_ACTIVE_COMPILATION_CONDITIONS = DEBUG;
				SWIFT_OPTIMIZATION_LEVEL = "-Onone";
			};
			name = Debug;
		};
		3D4617AE286F268A006E0E4B /* Release */ = {
			isa = XCBuildConfiguration;
			buildSettings = {
				ALWAYS_SEARCH_USER_PATHS = NO;
				CLANG_ANALYZER_NONNULL = YES;
				CLANG_ANALYZER_NUMBER_OBJECT_CONVERSION = YES_AGGRESSIVE;
				CLANG_CXX_LANGUAGE_STANDARD = "gnu++17";
				CLANG_ENABLE_MODULES = YES;
				CLANG_ENABLE_OBJC_ARC = YES;
				CLANG_ENABLE_OBJC_WEAK = YES;
				CLANG_WARN_BLOCK_CAPTURE_AUTORELEASING = YES;
				CLANG_WARN_BOOL_CONVERSION = YES;
				CLANG_WARN_COMMA = YES;
				CLANG_WARN_CONSTANT_CONVERSION = YES;
				CLANG_WARN_DEPRECATED_OBJC_IMPLEMENTATIONS = YES;
				CLANG_WARN_DIRECT_OBJC_ISA_USAGE = YES_ERROR;
				CLANG_WARN_DOCUMENTATION_COMMENTS = YES;
				CLANG_WARN_EMPTY_BODY = YES;
				CLANG_WARN_ENUM_CONVERSION = YES;
				CLANG_WARN_INFINITE_RECURSION = YES;
				CLANG_WARN_INT_CONVERSION = YES;
				CLANG_WARN_NON_LITERAL_NULL_CONVERSION = YES;
				CLANG_WARN_OBJC_IMPLICIT_RETAIN_SELF = YES;
				CLANG_WARN_OBJC_LITERAL_CONVERSION = YES;
				CLANG_WARN_OBJC_ROOT_CLASS = YES_ERROR;
				CLANG_WARN_QUOTED_INCLUDE_IN_FRAMEWORK_HEADER = YES;
				CLANG_WARN_RANGE_LOOP_ANALYSIS = YES;
				CLANG_WARN_STRICT_PROTOTYPES = YES;
				CLANG_WARN_SUSPICIOUS_MOVE = YES;
				CLANG_WARN_UNGUARDED_AVAILABILITY = YES_AGGRESSIVE;
				CLANG_WARN_UNREACHABLE_CODE = YES;
				CLANG_WARN__DUPLICATE_METHOD_MATCH = YES;
				COPY_PHASE_STRIP = NO;
				DEBUG_INFORMATION_FORMAT = "dwarf-with-dsym";
				ENABLE_NS_ASSERTIONS = NO;
				ENABLE_STRICT_OBJC_MSGSEND = YES;
				GCC_C_LANGUAGE_STANDARD = gnu11;
				GCC_NO_COMMON_BLOCKS = YES;
				GCC_WARN_64_TO_32_BIT_CONVERSION = YES;
				GCC_WARN_ABOUT_RETURN_TYPE = YES_ERROR;
				GCC_WARN_UNDECLARED_SELECTOR = YES;
				GCC_WARN_UNINITIALIZED_AUTOS = YES_AGGRESSIVE;
				GCC_WARN_UNUSED_FUNCTION = YES;
				GCC_WARN_UNUSED_VARIABLE = YES;
				IPHONEOS_DEPLOYMENT_TARGET = 15.4;
				MTL_ENABLE_DEBUG_INFO = NO;
				MTL_FAST_MATH = YES;
				SDKROOT = iphoneos;
				SWIFT_COMPILATION_MODE = wholemodule;
				SWIFT_OPTIMIZATION_LEVEL = "-O";
				VALIDATE_PRODUCT = YES;
			};
			name = Release;
		};
		3D4617B0286F268A006E0E4B /* Debug */ = {
			isa = XCBuildConfiguration;
			buildSettings = {
				ASSETCATALOG_COMPILER_APPICON_NAME = AppIcon;
				ASSETCATALOG_COMPILER_GLOBAL_ACCENT_COLOR_NAME = AccentColor;
				CODE_SIGN_STYLE = Automatic;
				CURRENT_PROJECT_VERSION = 1;
				DEVELOPMENT_ASSET_PATHS = "\"Exhibition/Preview Content\"";
				DEVELOPMENT_TEAM = 5CYVKDSSNH;
				ENABLE_PREVIEWS = YES;
				GENERATE_INFOPLIST_FILE = YES;
				INFOPLIST_KEY_NSPhotoLibraryAddUsageDescription = "Permission to save your selected photos to photo library.";
				INFOPLIST_KEY_UIApplicationSceneManifest_Generation = YES;
				INFOPLIST_KEY_UIApplicationSupportsIndirectInputEvents = YES;
				INFOPLIST_KEY_UILaunchScreen_Generation = YES;
				INFOPLIST_KEY_UISupportedInterfaceOrientations_iPad = "UIInterfaceOrientationPortrait UIInterfaceOrientationPortraitUpsideDown UIInterfaceOrientationLandscapeLeft UIInterfaceOrientationLandscapeRight";
				INFOPLIST_KEY_UISupportedInterfaceOrientations_iPhone = "UIInterfaceOrientationPortrait UIInterfaceOrientationLandscapeLeft UIInterfaceOrientationLandscapeRight";
				LD_RUNPATH_SEARCH_PATHS = (
					"$(inherited)",
					"@executable_path/Frameworks",
				);
				MARKETING_VERSION = 1.0;
				PRODUCT_BUNDLE_IDENTIFIER = com.fatih.Exhibition;
				PRODUCT_NAME = "$(TARGET_NAME)";
				SWIFT_EMIT_LOC_STRINGS = YES;
				SWIFT_VERSION = 5.0;
				TARGETED_DEVICE_FAMILY = 1;
			};
			name = Debug;
		};
		3D4617B1286F268A006E0E4B /* Release */ = {
			isa = XCBuildConfiguration;
			buildSettings = {
				ASSETCATALOG_COMPILER_APPICON_NAME = AppIcon;
				ASSETCATALOG_COMPILER_GLOBAL_ACCENT_COLOR_NAME = AccentColor;
				CODE_SIGN_STYLE = Automatic;
				CURRENT_PROJECT_VERSION = 1;
				DEVELOPMENT_ASSET_PATHS = "\"Exhibition/Preview Content\"";
				DEVELOPMENT_TEAM = 5CYVKDSSNH;
				ENABLE_PREVIEWS = YES;
				GENERATE_INFOPLIST_FILE = YES;
				INFOPLIST_KEY_NSPhotoLibraryAddUsageDescription = "Permission to save your selected photos to photo library.";
				INFOPLIST_KEY_UIApplicationSceneManifest_Generation = YES;
				INFOPLIST_KEY_UIApplicationSupportsIndirectInputEvents = YES;
				INFOPLIST_KEY_UILaunchScreen_Generation = YES;
				INFOPLIST_KEY_UISupportedInterfaceOrientations_iPad = "UIInterfaceOrientationPortrait UIInterfaceOrientationPortraitUpsideDown UIInterfaceOrientationLandscapeLeft UIInterfaceOrientationLandscapeRight";
				INFOPLIST_KEY_UISupportedInterfaceOrientations_iPhone = "UIInterfaceOrientationPortrait UIInterfaceOrientationLandscapeLeft UIInterfaceOrientationLandscapeRight";
				LD_RUNPATH_SEARCH_PATHS = (
					"$(inherited)",
					"@executable_path/Frameworks",
				);
				MARKETING_VERSION = 1.0;
				PRODUCT_BUNDLE_IDENTIFIER = com.fatih.Exhibition;
				PRODUCT_NAME = "$(TARGET_NAME)";
				SWIFT_EMIT_LOC_STRINGS = YES;
				SWIFT_VERSION = 5.0;
				TARGETED_DEVICE_FAMILY = 1;
			};
			name = Release;
		};
/* End XCBuildConfiguration section */

/* Begin XCConfigurationList section */
		3D46179C286F2689006E0E4B /* Build configuration list for PBXProject "Exhibition" */ = {
			isa = XCConfigurationList;
			buildConfigurations = (
				3D4617AD286F268A006E0E4B /* Debug */,
				3D4617AE286F268A006E0E4B /* Release */,
			);
			defaultConfigurationIsVisible = 0;
			defaultConfigurationName = Release;
		};
		3D4617AF286F268A006E0E4B /* Build configuration list for PBXNativeTarget "Exhibition" */ = {
			isa = XCConfigurationList;
			buildConfigurations = (
				3D4617B0286F268A006E0E4B /* Debug */,
				3D4617B1286F268A006E0E4B /* Release */,
			);
			defaultConfigurationIsVisible = 0;
			defaultConfigurationName = Release;
		};
/* End XCConfigurationList section */
	};
	rootObject = 3D461799286F2689006E0E4B /* Project object */;
}
